
Microsoft Visual Studio Solution File, Format Version 12.00
# Visual Studio Version 17
VisualStudioVersion = 17.11.35303.130
MinimumVisualStudioVersion = 10.0.40219.1
Project("{2150E333-8FDC-42A3-9474-1A3956D46DE8}") = "Sprint 2", "Sprint 2", "{B9A63F73-CB0B-456F-B35F-65D6642873E7}"
EndProject
Project("{9A19103F-16F7-4668-BE54-9A1E7A4F7556}") = "Lib", "Lib\Lib.csproj", "{91949529-4F5F-469F-8A23-37675A37168A}"
EndProject
Project("{2150E333-8FDC-42A3-9474-1A3956D46DE8}") = "Sprint 3", "Sprint 3", "{4C17546E-81B4-45CD-8B24-EDEBDFE29328}"
EndProject
Project("{9A19103F-16F7-4668-BE54-9A1E7A4F7556}") = "Sprint3.Lib", "Sprint3.Lib\Sprint3.Lib.csproj", "{6BC0A6BC-D442-4C59-AEC5-FE7B689778E8}"
EndProject
Project("{2150E333-8FDC-42A3-9474-1A3956D46DE8}") = "Sprint 4", "Sprint 4", "{3E24F08A-7B83-489F-A0E8-7E1AB3CF3B15}"
EndProject
Project("{9A19103F-16F7-4668-BE54-9A1E7A4F7556}") = "Sprint4.Lib", "Sprint4.Lib\Sprint4.Lib.csproj", "{5B2B3FC2-5D8A-4D23-9A78-E388D1D8DA28}"
EndProject
Project("{2150E333-8FDC-42A3-9474-1A3956D46DE8}") = "Sprint 5", "Sprint 5", "{CB4526BC-7F4D-4071-9CE6-D570C6BC8B6C}"
EndProject
Project("{9A19103F-16F7-4668-BE54-9A1E7A4F7556}") = "Sprint5.Lib", "Sprint5.Lib\Sprint5.Lib.csproj", "{1B8926CF-C7D9-4C67-BF7C-F8760261397C}"
EndProject
Project("{2150E333-8FDC-42A3-9474-1A3956D46DE8}") = "Sprint6", "Sprint6", "{68C1DDE3-C8DB-4B77-902C-9169AFFEBDEA}"
EndProject
Project("{9A19103F-16F7-4668-BE54-9A1E7A4F7556}") = "Sprint6", "Sprint6\Sprint6.csproj", "{8A2BB214-2E93-4C9A-B69A-A5110A25C932}"
EndProject
Project("{9A19103F-16F7-4668-BE54-9A1E7A4F7556}") = "Sprint6.Lib", "Sprint6.Lib\Sprint6.Lib.csproj", "{20850EC8-3820-41A1-B358-56CE92A8CFFB}"
EndProject
Project("{2150E333-8FDC-42A3-9474-1A3956D46DE8}") = "Sprint 7", "Sprint 7", "{7C54EF53-5067-4FDF-9372-17073A8E5682}"
EndProject
Project("{9A19103F-16F7-4668-BE54-9A1E7A4F7556}") = "Sprint7.Lib", "Sprint7.Lib\Sprint7.Lib.csproj", "{DD7B61E2-5061-4802-B28B-A8D06C8C9202}"
EndProject
Project("{9A19103F-16F7-4668-BE54-9A1E7A4F7556}") = "Sprint7.Program", "Sprint7.Program\Sprint7.Program.csproj", "{9E1E2C60-0EC1-4EDE-BC8C-747595A924E6}"
EndProject
Project("{9A19103F-16F7-4668-BE54-9A1E7A4F7556}") = "Sprint2", "ConsoleApp1\Sprint2.csproj", "{C26FF0AA-E03B-405F-8473-2A253536FA90}"
EndProject
Project("{FAE04EC0-301F-11D3-BF4B-00C04F79EFBC}") = "Sprint3", "ConsoleApp2\Sprint3.csproj", "{29F02166-A979-4E07-9AA5-3CF2F3B87A41}"
EndProject
Project("{FAE04EC0-301F-11D3-BF4B-00C04F79EFBC}") = "Sprint4", "ConsoleApp3\Sprint4.csproj", "{DDBDE174-3E42-4368-98A1-3A6B3AC2C6AF}"
EndProject
Project("{FAE04EC0-301F-11D3-BF4B-00C04F79EFBC}") = "Sprint5", "ConsoleApp4\Sprint5.csproj", "{7DDB5539-558B-4CDA-B488-A211D8EE555D}"
EndProject
Project("{2150E333-8FDC-42A3-9474-1A3956D46DE8}") = "TrueSprint7", "TrueSprint7", "{38F48549-87B0-42BB-8445-9F1F7A4424AD}"
EndProject
Project("{FAE04EC0-301F-11D3-BF4B-00C04F79EFBC}") = "Tyuiu.KozachokNA.IndividualTasks.Task7.V8", "Tyuiu.KozachokNA.IndividualTasks.Task7.V8\Tyuiu.KozachokNA.IndividualTasks.Task7.V8.csproj", "{BF4EFC84-D467-4522-B232-E6103DC052B2}"
EndProject
Global
	GlobalSection(SolutionConfigurationPlatforms) = preSolution
		Debug|Any CPU = Debug|Any CPU
		Release|Any CPU = Release|Any CPU
	EndGlobalSection
	GlobalSection(ProjectConfigurationPlatforms) = postSolution
		{91949529-4F5F-469F-8A23-37675A37168A}.Debug|Any CPU.ActiveCfg = Debug|Any CPU
		{91949529-4F5F-469F-8A23-37675A37168A}.Debug|Any CPU.Build.0 = Debug|Any CPU
		{91949529-4F5F-469F-8A23-37675A37168A}.Release|Any CPU.ActiveCfg = Release|Any CPU
		{91949529-4F5F-469F-8A23-37675A37168A}.Release|Any CPU.Build.0 = Release|Any CPU
		{6BC0A6BC-D442-4C59-AEC5-FE7B689778E8}.Debug|Any CPU.ActiveCfg = Debug|Any CPU
		{6BC0A6BC-D442-4C59-AEC5-FE7B689778E8}.Debug|Any CPU.Build.0 = Debug|Any CPU
		{6BC0A6BC-D442-4C59-AEC5-FE7B689778E8}.Release|Any CPU.ActiveCfg = Release|Any CPU
		{6BC0A6BC-D442-4C59-AEC5-FE7B689778E8}.Release|Any CPU.Build.0 = Release|Any CPU
		{5B2B3FC2-5D8A-4D23-9A78-E388D1D8DA28}.Debug|Any CPU.ActiveCfg = Debug|Any CPU
		{5B2B3FC2-5D8A-4D23-9A78-E388D1D8DA28}.Debug|Any CPU.Build.0 = Debug|Any CPU
		{5B2B3FC2-5D8A-4D23-9A78-E388D1D8DA28}.Release|Any CPU.ActiveCfg = Release|Any CPU
		{5B2B3FC2-5D8A-4D23-9A78-E388D1D8DA28}.Release|Any CPU.Build.0 = Release|Any CPU
		{1B8926CF-C7D9-4C67-BF7C-F8760261397C}.Debug|Any CPU.ActiveCfg = Debug|Any CPU
		{1B8926CF-C7D9-4C67-BF7C-F8760261397C}.Debug|Any CPU.Build.0 = Debug|Any CPU
		{1B8926CF-C7D9-4C67-BF7C-F8760261397C}.Release|Any CPU.ActiveCfg = Release|Any CPU
		{1B8926CF-C7D9-4C67-BF7C-F8760261397C}.Release|Any CPU.Build.0 = Release|Any CPU
		{8A2BB214-2E93-4C9A-B69A-A5110A25C932}.Debug|Any CPU.ActiveCfg = Debug|Any CPU
		{8A2BB214-2E93-4C9A-B69A-A5110A25C932}.Debug|Any CPU.Build.0 = Debug|Any CPU
		{8A2BB214-2E93-4C9A-B69A-A5110A25C932}.Release|Any CPU.ActiveCfg = Release|Any CPU
		{8A2BB214-2E93-4C9A-B69A-A5110A25C932}.Release|Any CPU.Build.0 = Release|Any CPU
		{20850EC8-3820-41A1-B358-56CE92A8CFFB}.Debug|Any CPU.ActiveCfg = Debug|Any CPU
		{20850EC8-3820-41A1-B358-56CE92A8CFFB}.Debug|Any CPU.Build.0 = Debug|Any CPU
		{20850EC8-3820-41A1-B358-56CE92A8CFFB}.Release|Any CPU.ActiveCfg = Release|Any CPU
		{20850EC8-3820-41A1-B358-56CE92A8CFFB}.Release|Any CPU.Build.0 = Release|Any CPU
		{DD7B61E2-5061-4802-B28B-A8D06C8C9202}.Debug|Any CPU.ActiveCfg = Debug|Any CPU
		{DD7B61E2-5061-4802-B28B-A8D06C8C9202}.Debug|Any CPU.Build.0 = Debug|Any CPU
		{DD7B61E2-5061-4802-B28B-A8D06C8C9202}.Release|Any CPU.ActiveCfg = Release|Any CPU
		{DD7B61E2-5061-4802-B28B-A8D06C8C9202}.Release|Any CPU.Build.0 = Release|Any CPU
		{9E1E2C60-0EC1-4EDE-BC8C-747595A924E6}.Debug|Any CPU.ActiveCfg = Debug|Any CPU
		{9E1E2C60-0EC1-4EDE-BC8C-747595A924E6}.Debug|Any CPU.Build.0 = Debug|Any CPU
		{9E1E2C60-0EC1-4EDE-BC8C-747595A924E6}.Release|Any CPU.ActiveCfg = Release|Any CPU
		{9E1E2C60-0EC1-4EDE-BC8C-747595A924E6}.Release|Any CPU.Build.0 = Release|Any CPU
		{C26FF0AA-E03B-405F-8473-2A253536FA90}.Debug|Any CPU.ActiveCfg = Debug|Any CPU
		{C26FF0AA-E03B-405F-8473-2A253536FA90}.Debug|Any CPU.Build.0 = Debug|Any CPU
		{C26FF0AA-E03B-405F-8473-2A253536FA90}.Release|Any CPU.ActiveCfg = Release|Any CPU
		{C26FF0AA-E03B-405F-8473-2A253536FA90}.Release|Any CPU.Build.0 = Release|Any CPU
		{29F02166-A979-4E07-9AA5-3CF2F3B87A41}.Debug|Any CPU.ActiveCfg = Debug|Any CPU
		{29F02166-A979-4E07-9AA5-3CF2F3B87A41}.Debug|Any CPU.Build.0 = Debug|Any CPU
		{29F02166-A979-4E07-9AA5-3CF2F3B87A41}.Release|Any CPU.ActiveCfg = Release|Any CPU
		{29F02166-A979-4E07-9AA5-3CF2F3B87A41}.Release|Any CPU.Build.0 = Release|Any CPU
		{DDBDE174-3E42-4368-98A1-3A6B3AC2C6AF}.Debug|Any CPU.ActiveCfg = Debug|Any CPU
		{DDBDE174-3E42-4368-98A1-3A6B3AC2C6AF}.Debug|Any CPU.Build.0 = Debug|Any CPU
		{DDBDE174-3E42-4368-98A1-3A6B3AC2C6AF}.Release|Any CPU.ActiveCfg = Release|Any CPU
		{DDBDE174-3E42-4368-98A1-3A6B3AC2C6AF}.Release|Any CPU.Build.0 = Release|Any CPU
		{7DDB5539-558B-4CDA-B488-A211D8EE555D}.Debug|Any CPU.ActiveCfg = Debug|Any CPU
		{7DDB5539-558B-4CDA-B488-A211D8EE555D}.Debug|Any CPU.Build.0 = Debug|Any CPU
		{7DDB5539-558B-4CDA-B488-A211D8EE555D}.Release|Any CPU.ActiveCfg = Release|Any CPU
		{7DDB5539-558B-4CDA-B488-A211D8EE555D}.Release|Any CPU.Build.0 = Release|Any CPU
		{BF4EFC84-D467-4522-B232-E6103DC052B2}.Debug|Any CPU.ActiveCfg = Debug|Any CPU
		{BF4EFC84-D467-4522-B232-E6103DC052B2}.Debug|Any CPU.Build.0 = Debug|Any CPU
		{BF4EFC84-D467-4522-B232-E6103DC052B2}.Release|Any CPU.ActiveCfg = Release|Any CPU
		{BF4EFC84-D467-4522-B232-E6103DC052B2}.Release|Any CPU.Build.0 = Release|Any CPU
	EndGlobalSection
	GlobalSection(SolutionProperties) = preSolution
		HideSolutionNode = FALSE
	EndGlobalSection
	GlobalSection(NestedProjects) = preSolution
		{91949529-4F5F-469F-8A23-37675A37168A} = {B9A63F73-CB0B-456F-B35F-65D6642873E7}
		{6BC0A6BC-D442-4C59-AEC5-FE7B689778E8} = {4C17546E-81B4-45CD-8B24-EDEBDFE29328}
		{5B2B3FC2-5D8A-4D23-9A78-E388D1D8DA28} = {3E24F08A-7B83-489F-A0E8-7E1AB3CF3B15}
		{1B8926CF-C7D9-4C67-BF7C-F8760261397C} = {CB4526BC-7F4D-4071-9CE6-D570C6BC8B6C}
		{8A2BB214-2E93-4C9A-B69A-A5110A25C932} = {68C1DDE3-C8DB-4B77-902C-9169AFFEBDEA}
		{20850EC8-3820-41A1-B358-56CE92A8CFFB} = {68C1DDE3-C8DB-4B77-902C-9169AFFEBDEA}
		{DD7B61E2-5061-4802-B28B-A8D06C8C9202} = {7C54EF53-5067-4FDF-9372-17073A8E5682}
		{9E1E2C60-0EC1-4EDE-BC8C-747595A924E6} = {7C54EF53-5067-4FDF-9372-17073A8E5682}
		{C26FF0AA-E03B-405F-8473-2A253536FA90} = {B9A63F73-CB0B-456F-B35F-65D6642873E7}
		{29F02166-A979-4E07-9AA5-3CF2F3B87A41} = {4C17546E-81B4-45CD-8B24-EDEBDFE29328}
		{DDBDE174-3E42-4368-98A1-3A6B3AC2C6AF} = {3E24F08A-7B83-489F-A0E8-7E1AB3CF3B15}
		{7DDB5539-558B-4CDA-B488-A211D8EE555D} = {CB4526BC-7F4D-4071-9CE6-D570C6BC8B6C}
		{BF4EFC84-D467-4522-B232-E6103DC052B2} = {38F48549-87B0-42BB-8445-9F1F7A4424AD}
	EndGlobalSection
	GlobalSection(ExtensibilityGlobals) = postSolution
		SolutionGuid = {1B1E2226-2B95-448D-9644-89CCCE235B6F}
	EndGlobalSection
EndGlobal
